
Microsoft Visual Studio Solution File, Format Version 12.00
# Visual Studio Version 16
VisualStudioVersion = 16.0.31911.196
MinimumVisualStudioVersion = 10.0.40219.1
Project("{FAE04EC0-301F-11D3-BF4B-00C04F79EFBC}") = "CatPicker", "CatPicker\CatPicker.csproj", "{77123F8F-F1B8-407E-A7C1-EF172338E087}"
EndProject
Project("{FAE04EC0-301F-11D3-BF4B-00C04F79EFBC}") = "BLL", "BLL\BLL.csproj", "{93D7D71E-225A-47EF-9167-610FE1A354E7}"
EndProject
Project("{FAE04EC0-301F-11D3-BF4B-00C04F79EFBC}") = "DAL", "DAL\DAL.csproj", "{5A1C4802-C39C-462A-B117-3658EC39E78D}"
EndProject
Project("{FAE04EC0-301F-11D3-BF4B-00C04F79EFBC}") = "Models", "Models\Models.csproj", "{42F808F0-C639-42A5-BD84-2ABADF9071AE}"
EndProject
Project("{FAE04EC0-301F-11D3-BF4B-00C04F79EFBC}") = "Globals", "Globals\Globals.csproj", "{330800DC-4CDA-4094-9F59-A0CE51DB5085}"
EndProject
Project("{FAE04EC0-301F-11D3-BF4B-00C04F79EFBC}") = "SQL", "SQL\SQL.csproj", "{D36FEE9A-A63F-4A9A-B4B0-608D03DBDAA2}"
EndProject
Global
	GlobalSection(SolutionConfigurationPlatforms) = preSolution
		Debug|Any CPU = Debug|Any CPU
		Release|Any CPU = Release|Any CPU
	EndGlobalSection
	GlobalSection(ProjectConfigurationPlatforms) = postSolution
		{77123F8F-F1B8-407E-A7C1-EF172338E087}.Debug|Any CPU.ActiveCfg = Debug|Any CPU
		{77123F8F-F1B8-407E-A7C1-EF172338E087}.Debug|Any CPU.Build.0 = Debug|Any CPU
		{77123F8F-F1B8-407E-A7C1-EF172338E087}.Release|Any CPU.ActiveCfg = Release|Any CPU
		{77123F8F-F1B8-407E-A7C1-EF172338E087}.Release|Any CPU.Build.0 = Release|Any CPU
		{93D7D71E-225A-47EF-9167-610FE1A354E7}.Debug|Any CPU.ActiveCfg = Debug|Any CPU
		{93D7D71E-225A-47EF-9167-610FE1A354E7}.Debug|Any CPU.Build.0 = Debug|Any CPU
		{93D7D71E-225A-47EF-9167-610FE1A354E7}.Release|Any CPU.ActiveCfg = Release|Any CPU
		{93D7D71E-225A-47EF-9167-610FE1A354E7}.Release|Any CPU.Build.0 = Release|Any CPU
		{5A1C4802-C39C-462A-B117-3658EC39E78D}.Debug|Any CPU.ActiveCfg = Debug|Any CPU
		{5A1C4802-C39C-462A-B117-3658EC39E78D}.Debug|Any CPU.Build.0 = Debug|Any CPU
		{5A1C4802-C39C-462A-B117-3658EC39E78D}.Release|Any CPU.ActiveCfg = Release|Any CPU
		{5A1C4802-C39C-462A-B117-3658EC39E78D}.Release|Any CPU.Build.0 = Release|Any CPU
		{42F808F0-C639-42A5-BD84-2ABADF9071AE}.Debug|Any CPU.ActiveCfg = Debug|Any CPU
		{42F808F0-C639-42A5-BD84-2ABADF9071AE}.Debug|Any CPU.Build.0 = Debug|Any CPU
		{42F808F0-C639-42A5-BD84-2ABADF9071AE}.Release|Any CPU.ActiveCfg = Release|Any CPU
		{42F808F0-C639-42A5-BD84-2ABADF9071AE}.Release|Any CPU.Build.0 = Release|Any CPU
		{330800DC-4CDA-4094-9F59-A0CE51DB5085}.Debug|Any CPU.ActiveCfg = Debug|Any CPU
		{330800DC-4CDA-4094-9F59-A0CE51DB5085}.Debug|Any CPU.Build.0 = Debug|Any CPU
		{330800DC-4CDA-4094-9F59-A0CE51DB5085}.Release|Any CPU.ActiveCfg = Release|Any CPU
		{330800DC-4CDA-4094-9F59-A0CE51DB5085}.Release|Any CPU.Build.0 = Release|Any CPU
		{D36FEE9A-A63F-4A9A-B4B0-608D03DBDAA2}.Debug|Any CPU.ActiveCfg = Debug|Any CPU
		{D36FEE9A-A63F-4A9A-B4B0-608D03DBDAA2}.Debug|Any CPU.Build.0 = Debug|Any CPU
		{D36FEE9A-A63F-4A9A-B4B0-608D03DBDAA2}.Release|Any CPU.ActiveCfg = Release|Any CPU
		{D36FEE9A-A63F-4A9A-B4B0-608D03DBDAA2}.Release|Any CPU.Build.0 = Release|Any CPU
	EndGlobalSection
	GlobalSection(SolutionProperties) = preSolution
		HideSolutionNode = FALSE
	EndGlobalSection
	GlobalSection(ExtensibilityGlobals) = postSolution
		SolutionGuid = {3006DE4E-25C2-4632-9F0B-6DD6F90DB674}
	EndGlobalSection
EndGlobal
